// !$*UTF8*$!
{
	archiveVersion = 1;
	classes = {
	};
	objectVersion = 50;
	objects = {

/* Begin PBXBuildFile section */
		C66F892523E215D9008FEA90 /* AppDelegate.swift in Sources */ = {isa = PBXBuildFile; fileRef = C66F892423E215D9008FEA90 /* AppDelegate.swift */; };
		C66F892723E215D9008FEA90 /* SceneDelegate.swift in Sources */ = {isa = PBXBuildFile; fileRef = C66F892623E215D9008FEA90 /* SceneDelegate.swift */; };
		C66F892923E215D9008FEA90 /* MainViewController.swift in Sources */ = {isa = PBXBuildFile; fileRef = C66F892823E215D9008FEA90 /* MainViewController.swift */; };
		C66F892C23E215D9008FEA90 /* Main.storyboard in Resources */ = {isa = PBXBuildFile; fileRef = C66F892A23E215D9008FEA90 /* Main.storyboard */; };
		C66F892E23E215DB008FEA90 /* Assets.xcassets in Resources */ = {isa = PBXBuildFile; fileRef = C66F892D23E215DB008FEA90 /* Assets.xcassets */; };
		C66F893123E215DB008FEA90 /* LaunchScreen.storyboard in Resources */ = {isa = PBXBuildFile; fileRef = C66F892F23E215DB008FEA90 /* LaunchScreen.storyboard */; };
		C68011E623E2D0C9001BEE18 /* HandlebarView.swift in Sources */ = {isa = PBXBuildFile; fileRef = C68011E523E2D0C9001BEE18 /* HandlebarView.swift */; };
		C6E7176723E2172F00A71610 /* DrawerView.swift in Sources */ = {isa = PBXBuildFile; fileRef = C6E7176623E2172F00A71610 /* DrawerView.swift */; };
		C6E7176923E217EA00A71610 /* GradientView.swift in Sources */ = {isa = PBXBuildFile; fileRef = C6E7176823E217EA00A71610 /* GradientView.swift */; };
/* End PBXBuildFile section */

/* Begin PBXFileReference section */
		C66F892123E215D9008FEA90 /* Drawer.app */ = {isa = PBXFileReference; explicitFileType = wrapper.application; includeInIndex = 0; path = Drawer.app; sourceTree = BUILT_PRODUCTS_DIR; };
		C66F892423E215D9008FEA90 /* AppDelegate.swift */ = {isa = PBXFileReference; lastKnownFileType = sourcecode.swift; path = AppDelegate.swift; sourceTree = "<group>"; };
		C66F892623E215D9008FEA90 /* SceneDelegate.swift */ = {isa = PBXFileReference; lastKnownFileType = sourcecode.swift; path = SceneDelegate.swift; sourceTree = "<group>"; };
		C66F892823E215D9008FEA90 /* MainViewController.swift */ = {isa = PBXFileReference; lastKnownFileType = sourcecode.swift; path = MainViewController.swift; sourceTree = "<group>"; };
		C66F892B23E215D9008FEA90 /* Base */ = {isa = PBXFileReference; lastKnownFileType = file.storyboard; name = Base; path = Base.lproj/Main.storyboard; sourceTree = "<group>"; };
		C66F892D23E215DB008FEA90 /* Assets.xcassets */ = {isa = PBXFileReference; lastKnownFileType = folder.assetcatalog; path = Assets.xcassets; sourceTree = "<group>"; };
		C66F893023E215DB008FEA90 /* Base */ = {isa = PBXFileReference; lastKnownFileType = file.storyboard; name = Base; path = Base.lproj/LaunchScreen.storyboard; sourceTree = "<group>"; };
		C66F893223E215DB008FEA90 /* Info.plist */ = {isa = PBXFileReference; lastKnownFileType = text.plist.xml; path = Info.plist; sourceTree = "<group>"; };
		C68011E523E2D0C9001BEE18 /* HandlebarView.swift */ = {isa = PBXFileReference; lastKnownFileType = sourcecode.swift; path = HandlebarView.swift; sourceTree = "<group>"; };
		C6E7176623E2172F00A71610 /* DrawerView.swift */ = {isa = PBXFileReference; lastKnownFileType = sourcecode.swift; path = DrawerView.swift; sourceTree = "<group>"; };
		C6E7176823E217EA00A71610 /* GradientView.swift */ = {isa = PBXFileReference; lastKnownFileType = sourcecode.swift; path = GradientView.swift; sourceTree = "<group>"; };
/* End PBXFileReference section */

/* Begin PBXFrameworksBuildPhase section */
		C66F891E23E215D9008FEA90 /* Frameworks */ = {
			isa = PBXFrameworksBuildPhase;
			buildActionMask = 2147483647;
			files = (
			);
			runOnlyForDeploymentPostprocessing = 0;
		};
/* End PBXFrameworksBuildPhase section */

/* Begin PBXGroup section */
		C653A17923E2E98D0092FBC0 /* Drawer */ = {
			isa = PBXGroup;
			children = (
				C6E7176623E2172F00A71610 /* DrawerView.swift */,
				C6E7176823E217EA00A71610 /* GradientView.swift */,
				C68011E523E2D0C9001BEE18 /* HandlebarView.swift */,
			);
			path = Drawer;
			sourceTree = "<group>";
		};
		C66F891823E215D9008FEA90 = {
			isa = PBXGroup;
			children = (
				C66F892323E215D9008FEA90 /* drower */,
				C66F892223E215D9008FEA90 /* Products */,
			);
			sourceTree = "<group>";
		};
		C66F892223E215D9008FEA90 /* Products */ = {
			isa = PBXGroup;
			children = (
				C66F892123E215D9008FEA90 /* Drawer.app */,
			);
			name = Products;
			sourceTree = "<group>";
		};
		C66F892323E215D9008FEA90 /* drower */ = {
			isa = PBXGroup;
			children = (
				C66F892423E215D9008FEA90 /* AppDelegate.swift */,
				C66F892623E215D9008FEA90 /* SceneDelegate.swift */,
				C66F892823E215D9008FEA90 /* MainViewController.swift */,
				C653A17923E2E98D0092FBC0 /* Drawer */,
				C66F892A23E215D9008FEA90 /* Main.storyboard */,
				C66F892D23E215DB008FEA90 /* Assets.xcassets */,
				C66F892F23E215DB008FEA90 /* LaunchScreen.storyboard */,
				C66F893223E215DB008FEA90 /* Info.plist */,
			);
			path = drower;
			sourceTree = "<group>";
		};
/* End PBXGroup section */

/* Begin PBXNativeTarget section */
		C66F892023E215D9008FEA90 /* Drawer */ = {
			isa = PBXNativeTarget;
			buildConfigurationList = C66F893523E215DB008FEA90 /* Build configuration list for PBXNativeTarget "Drawer" */;
			buildPhases = (
				C66F891D23E215D9008FEA90 /* Sources */,
				C66F891E23E215D9008FEA90 /* Frameworks */,
				C66F891F23E215D9008FEA90 /* Resources */,
			);
			buildRules = (
			);
			dependencies = (
			);
			name = Drawer;
			productName = drower;
			productReference = C66F892123E215D9008FEA90 /* Drawer.app */;
			productType = "com.apple.product-type.application";
		};
/* End PBXNativeTarget section */

/* Begin PBXProject section */
		C66F891923E215D9008FEA90 /* Project object */ = {
			isa = PBXProject;
			attributes = {
				LastSwiftUpdateCheck = 1130;
				LastUpgradeCheck = 1130;
				ORGANIZATIONNAME = "Jakub Slawecki";
				TargetAttributes = {
					C66F892023E215D9008FEA90 = {
						CreatedOnToolsVersion = 11.3.1;
					};
				};
			};
			buildConfigurationList = C66F891C23E215D9008FEA90 /* Build configuration list for PBXProject "Drawer" */;
			compatibilityVersion = "Xcode 9.3";
			developmentRegion = en;
			hasScannedForEncodings = 0;
			knownRegions = (
				en,
				Base,
			);
			mainGroup = C66F891823E215D9008FEA90;
			productRefGroup = C66F892223E215D9008FEA90 /* Products */;
			projectDirPath = "";
			projectRoot = "";
			targets = (
				C66F892023E215D9008FEA90 /* Drawer */,
			);
		};
/* End PBXProject section */

/* Begin PBXResourcesBuildPhase section */
		C66F891F23E215D9008FEA90 /* Resources */ = {
			isa = PBXResourcesBuildPhase;
			buildActionMask = 2147483647;
			files = (
				C66F893123E215DB008FEA90 /* LaunchScreen.storyboard in Resources */,
				C66F892E23E215DB008FEA90 /* Assets.xcassets in Resources */,
				C66F892C23E215D9008FEA90 /* Main.storyboard in Resources */,
			);
			runOnlyForDeploymentPostprocessing = 0;
		};
/* End PBXResourcesBuildPhase section */

/* Begin PBXSourcesBuildPhase section */
		C66F891D23E215D9008FEA90 /* Sources */ = {
			isa = PBXSourcesBuildPhase;
			buildActionMask = 2147483647;
			files = (
				C68011E623E2D0C9001BEE18 /* HandlebarView.swift in Sources */,
				C6E7176923E217EA00A71610 /* GradientView.swift in Sources */,
				C66F892923E215D9008FEA90 /* MainViewController.swift in Sources */,
				C66F892523E215D9008FEA90 /* AppDelegate.swift in Sources */,
				C66F892723E215D9008FEA90 /* SceneDelegate.swift in Sources */,
				C6E7176723E2172F00A71610 /* DrawerView.swift in Sources */,
			);
			runOnlyForDeploymentPostprocessing = 0;
		};
/* End PBXSourcesBuildPhase section */

/* Begin PBXVariantGroup section */
		C66F892A23E215D9008FEA90 /* Main.storyboard */ = {
			isa = PBXVariantGroup;
			children = (
				C66F892B23E215D9008FEA90 /* Base */,
			);
			name = Main.storyboard;
			sourceTree = "<group>";
		};
		C66F892F23E215DB008FEA90 /* LaunchScreen.storyboard */ = {
			isa = PBXVariantGroup;
			children = (
				C66F893023E215DB008FEA90 /* Base */,
			);
			name = LaunchScreen.storyboard;
			sourceTree = "<group>";
		};
/* End PBXVariantGroup section */

/* Begin XCBuildConfiguration section */
		C66F893323E215DB008FEA90 /* Debug */ = {
			isa = XCBuildConfiguration;
			buildSettings = {
				ALWAYS_SEARCH_USER_PATHS = NO;
				CLANG_ANALYZER_NONNULL = YES;
				CLANG_ANALYZER_NUMBER_OBJECT_CONVERSION = YES_AGGRESSIVE;
				CLANG_CXX_LANGUAGE_STANDARD = "gnu++14";
				CLANG_CXX_LIBRARY = "libc++";
				CLANG_ENABLE_MODULES = YES;
				CLANG_ENABLE_OBJC_ARC = YES;
				CLANG_ENABLE_OBJC_WEAK = YES;
				CLANG_WARN_BLOCK_CAPTURE_AUTORELEASING = YES;
				CLANG_WARN_BOOL_CONVERSION = YES;
				CLANG_WARN_COMMA = YES;
				CLANG_WARN_CONSTANT_CONVERSION = YES;
				CLANG_WARN_DEPRECATED_OBJC_IMPLEMENTATIONS = YES;
				CLANG_WARN_DIRECT_OBJC_ISA_USAGE = YES_ERROR;
				CLANG_WARN_DOCUMENTATION_COMMENTS = YES;
				CLANG_WARN_EMPTY_BODY = YES;
				CLANG_WARN_ENUM_CONVERSION = YES;
				CLANG_WARN_INFINITE_RECURSION = YES;
				CLANG_WARN_INT_CONVERSION = YES;
				CLANG_WARN_NON_LITERAL_NULL_CONVERSION = YES;
				CLANG_WARN_OBJC_IMPLICIT_RETAIN_SELF = YES;
				CLANG_WARN_OBJC_LITERAL_CONVERSION = YES;
				CLANG_WARN_OBJC_ROOT_CLASS = YES_ERROR;
				CLANG_WARN_RANGE_LOOP_ANALYSIS = YES;
				CLANG_WARN_STRICT_PROTOTYPES = YES;
				CLANG_WARN_SUSPICIOUS_MOVE = YES;
				CLANG_WARN_UNGUARDED_AVAILABILITY = YES_AGGRESSIVE;
				CLANG_WARN_UNREACHABLE_CODE = YES;
				CLANG_WARN__DUPLICATE_METHOD_MATCH = YES;
				COPY_PHASE_STRIP = NO;
				DEBUG_INFORMATION_FORMAT = dwarf;
				ENABLE_STRICT_OBJC_MSGSEND = YES;
				ENABLE_TESTABILITY = YES;
				GCC_C_LANGUAGE_STANDARD = gnu11;
				GCC_DYNAMIC_NO_PIC = NO;
				GCC_NO_COMMON_BLOCKS = YES;
				GCC_OPTIMIZATION_LEVEL = 0;
				GCC_PREPROCESSOR_DEFINITIONS = (
					"DEBUG=1",
					"$(inherited)",
				);
				GCC_WARN_64_TO_32_BIT_CONVERSION = YES;
				GCC_WARN_ABOUT_RETURN_TYPE = YES_ERROR;
				GCC_WARN_UNDECLARED_SELECTOR = YES;
				GCC_WARN_UNINITIALIZED_AUTOS = YES_AGGRESSIVE;
				GCC_WARN_UNUSED_FUNCTION = YES;
				GCC_WARN_UNUSED_VARIABLE = YES;
				IPHONEOS_DEPLOYMENT_TARGET = 13.2;
				MTL_ENABLE_DEBUG_INFO = INCLUDE_SOURCE;
				MTL_FAST_MATH = YES;
				ONLY_ACTIVE_ARCH = YES;
				SDKROOT = iphoneos;
				SWIFT_ACTIVE_COMPILATION_CONDITIONS = DEBUG;
				SWIFT_OPTIMIZATION_LEVEL = "-Onone";
			};
			name = Debug;
		};
		C66F893423E215DB008FEA90 /* Release */ = {
			isa = XCBuildConfiguration;
			buildSettings = {
				ALWAYS_SEARCH_USER_PATHS = NO;
				CLANG_ANALYZER_NONNULL = YES;
				CLANG_ANALYZER_NUMBER_OBJECT_CONVERSION = YES_AGGRESSIVE;
				CLANG_CXX_LANGUAGE_STANDARD = "gnu++14";
				CLANG_CXX_LIBRARY = "libc++";
				CLANG_ENABLE_MODULES = YES;
				CLANG_ENABLE_OBJC_ARC = YES;
				CLANG_ENABLE_OBJC_WEAK = YES;
				CLANG_WARN_BLOCK_CAPTURE_AUTORELEASING = YES;
				CLANG_WARN_BOOL_CONVERSION = YES;
				CLANG_WARN_COMMA = YES;
				CLANG_WARN_CONSTANT_CONVERSION = YES;
				CLANG_WARN_DEPRECATED_OBJC_IMPLEMENTATIONS = YES;
				CLANG_WARN_DIRECT_OBJC_ISA_USAGE = YES_ERROR;
				CLANG_WARN_DOCUMENTATION_COMMENTS = YES;
				CLANG_WARN_EMPTY_BODY = YES;
				CLANG_WARN_ENUM_CONVERSION = YES;
				CLANG_WARN_INFINITE_RECURSION = YES;
				CLANG_WARN_INT_CONVERSION = YES;
				CLANG_WARN_NON_LITERAL_NULL_CONVERSION = YES;
				CLANG_WARN_OBJC_IMPLICIT_RETAIN_SELF = YES;
				CLANG_WARN_OBJC_LITERAL_CONVERSION = YES;
				CLANG_WARN_OBJC_ROOT_CLASS = YES_ERROR;
				CLANG_WARN_RANGE_LOOP_ANALYSIS = YES;
				CLANG_WARN_STRICT_PROTOTYPES = YES;
				CLANG_WARN_SUSPICIOUS_MOVE = YES;
				CLANG_WARN_UNGUARDED_AVAILABILITY = YES_AGGRESSIVE;
				CLANG_WARN_UNREACHABLE_CODE = YES;
				CLANG_WARN__DUPLICATE_METHOD_MATCH = YES;
				COPY_PHASE_STRIP = NO;
				DEBUG_INFORMATION_FORMAT = "dwarf-with-dsym";
				ENABLE_NS_ASSERTIONS = NO;
				ENABLE_STRICT_OBJC_MSGSEND = YES;
				GCC_C_LANGUAGE_STANDARD = gnu11;
				GCC_NO_COMMON_BLOCKS = YES;
				GCC_WARN_64_TO_32_BIT_CONVERSION = YES;
				GCC_WARN_ABOUT_RETURN_TYPE = YES_ERROR;
				GCC_WARN_UNDECLARED_SELECTOR = YES;
				GCC_WARN_UNINITIALIZED_AUTOS = YES_AGGRESSIVE;
				GCC_WARN_UNUSED_FUNCTION = YES;
				GCC_WARN_UNUSED_VARIABLE = YES;
				IPHONEOS_DEPLOYMENT_TARGET = 13.2;
				MTL_ENABLE_DEBUG_INFO = NO;
				MTL_FAST_MATH = YES;
				SDKROOT = iphoneos;
				SWIFT_COMPILATION_MODE = wholemodule;
				SWIFT_OPTIMIZATION_LEVEL = "-O";
				VALIDATE_PRODUCT = YES;
			};
			name = Release;
		};
		C66F893623E215DB008FEA90 /* Debug */ = {
			isa = XCBuildConfiguration;
			buildSettings = {
				ASSETCATALOG_COMPILER_APPICON_NAME = AppIcon;
				CODE_SIGN_STYLE = Automatic;
				DEVELOPMENT_TEAM = TNJ5QF4LT5;
				INFOPLIST_FILE = drower/Info.plist;
				LD_RUNPATH_SEARCH_PATHS = (
					"$(inherited)",
					"@executable_path/Frameworks",
				);
				PRODUCT_BUNDLE_IDENTIFIER = "Jakub-Slawecki.drawerView";
				PRODUCT_NAME = Drawer;
				SWIFT_VERSION = 5.0;
				TARGETED_DEVICE_FAMILY = 1;
			};
			name = Debug;
		};
		C66F893723E215DB008FEA90 /* Release */ = {
			isa = XCBuildConfiguration;
			buildSettings = {
				ASSETCATALOG_COMPILER_APPICON_NAME = AppIcon;
				CODE_SIGN_STYLE = Automatic;
				DEVELOPMENT_TEAM = TNJ5QF4LT5;
				INFOPLIST_FILE = drower/Info.plist;
				LD_RUNPATH_SEARCH_PATHS = (
					"$(inherited)",
					"@executable_path/Frameworks",
				);
				PRODUCT_BUNDLE_IDENTIFIER = "Jakub-Slawecki.drawerView";
				PRODUCT_NAME = Drawer;
				SWIFT_VERSION = 5.0;
				TARGETED_DEVICE_FAMILY = 1;
			};
			name = Release;
		};
/* End XCBuildConfiguration section */

/* Begin XCConfigurationList section */
		C66F891C23E215D9008FEA90 /* Build configuration list for PBXProject "Drawer" */ = {
			isa = XCConfigurationList;
			buildConfigurations = (
				C66F893323E215DB008FEA90 /* Debug */,
				C66F893423E215DB008FEA90 /* Release */,
			);
			defaultConfigurationIsVisible = 0;
			defaultConfigurationName = Release;
		};
		C66F893523E215DB008FEA90 /* Build configuration list for PBXNativeTarget "Drawer" */ = {
			isa = XCConfigurationList;
			buildConfigurations = (
				C66F893623E215DB008FEA90 /* Debug */,
				C66F893723E215DB008FEA90 /* Release */,
			);
			defaultConfigurationIsVisible = 0;
			defaultConfigurationName = Release;
		};
/* End XCConfigurationList section */
	};
	rootObject = C66F891923E215D9008FEA90 /* Project object */;
}
